
Microsoft Visual Studio Solution File, Format Version 12.00
# Visual Studio Version 16
VisualStudioVersion = 16.0.28803.452
MinimumVisualStudioVersion = 10.0.40219.1
Project("{6EC3EE1D-3C4E-46DD-8F32-0CC8E7565705}") = "DiceCalculator", "DiceCalculator\DiceCalculator.fsproj", "{D3B1DC6D-E956-4FF6-ADD8-EDD9DA86EC17}"
EndProject
Project("{6EC3EE1D-3C4E-46DD-8F32-0CC8E7565705}") = "DiceTests", "DiceTests\DiceTests.fsproj", "{7003E894-844D-40FE-B9C0-CC1E49837230}"
EndProject
Project("{6EC3EE1D-3C4E-46DD-8F32-0CC8E7565705}") = "DiceCalculator.Storage", "DiceCalculator.Storage\DiceCalculator.Storage.fsproj", "{4C7D29EC-B3B3-4536-9F8B-29CA3EAF4BCD}"
EndProject
Project("{6EC3EE1D-3C4E-46DD-8F32-0CC8E7565705}") = "DiceCalculator.Domain", "DiceCalculator.Domain\DiceCalculator.Domain.fsproj", "{D9E59629-C780-410D-8680-E78B0696757C}"
EndProject
Project("{F2A71F9B-5D33-465A-A702-920D77279786}") = "DiceCalculator.Profiles", "DiceCalculator.Profiles\DiceCalculator.Profiles.fsproj", "{5E6A493F-7565-4D11-A60E-0DD316BEE1AD}"
EndProject
Global
	GlobalSection(SolutionConfigurationPlatforms) = preSolution
		Debug|Any CPU = Debug|Any CPU
		Release|Any CPU = Release|Any CPU
	EndGlobalSection
	GlobalSection(ProjectConfigurationPlatforms) = postSolution
		{D3B1DC6D-E956-4FF6-ADD8-EDD9DA86EC17}.Debug|Any CPU.ActiveCfg = Debug|Any CPU
		{D3B1DC6D-E956-4FF6-ADD8-EDD9DA86EC17}.Debug|Any CPU.Build.0 = Debug|Any CPU
		{D3B1DC6D-E956-4FF6-ADD8-EDD9DA86EC17}.Release|Any CPU.ActiveCfg = Release|Any CPU
		{D3B1DC6D-E956-4FF6-ADD8-EDD9DA86EC17}.Release|Any CPU.Build.0 = Release|Any CPU
		{7003E894-844D-40FE-B9C0-CC1E49837230}.Debug|Any CPU.ActiveCfg = Debug|Any CPU
		{7003E894-844D-40FE-B9C0-CC1E49837230}.Debug|Any CPU.Build.0 = Debug|Any CPU
		{7003E894-844D-40FE-B9C0-CC1E49837230}.Release|Any CPU.ActiveCfg = Release|Any CPU
		{7003E894-844D-40FE-B9C0-CC1E49837230}.Release|Any CPU.Build.0 = Release|Any CPU
		{4C7D29EC-B3B3-4536-9F8B-29CA3EAF4BCD}.Debug|Any CPU.ActiveCfg = Debug|Any CPU
		{4C7D29EC-B3B3-4536-9F8B-29CA3EAF4BCD}.Debug|Any CPU.Build.0 = Debug|Any CPU
		{4C7D29EC-B3B3-4536-9F8B-29CA3EAF4BCD}.Release|Any CPU.ActiveCfg = Release|Any CPU
		{4C7D29EC-B3B3-4536-9F8B-29CA3EAF4BCD}.Release|Any CPU.Build.0 = Release|Any CPU
		{D9E59629-C780-410D-8680-E78B0696757C}.Debug|Any CPU.ActiveCfg = Debug|Any CPU
		{D9E59629-C780-410D-8680-E78B0696757C}.Debug|Any CPU.Build.0 = Debug|Any CPU
		{D9E59629-C780-410D-8680-E78B0696757C}.Release|Any CPU.ActiveCfg = Release|Any CPU
		{D9E59629-C780-410D-8680-E78B0696757C}.Release|Any CPU.Build.0 = Release|Any CPU
		{5E6A493F-7565-4D11-A60E-0DD316BEE1AD}.Debug|Any CPU.ActiveCfg = Debug|Any CPU
		{5E6A493F-7565-4D11-A60E-0DD316BEE1AD}.Debug|Any CPU.Build.0 = Debug|Any CPU
		{5E6A493F-7565-4D11-A60E-0DD316BEE1AD}.Release|Any CPU.ActiveCfg = Release|Any CPU
		{5E6A493F-7565-4D11-A60E-0DD316BEE1AD}.Release|Any CPU.Build.0 = Release|Any CPU
	EndGlobalSection
	GlobalSection(SolutionProperties) = preSolution
		HideSolutionNode = FALSE
	EndGlobalSection
	GlobalSection(ExtensibilityGlobals) = postSolution
		SolutionGuid = {6A027D91-4AF2-4870-96DD-80CFC13BB80C}
	EndGlobalSection
EndGlobal
